# THIS IS AN AUTOGENERATED FILE. DO NOT EDIT THIS FILE DIRECTLY.
# yarn lockfile v1


"@rbilabs/common@8.1.0":
  version "8.1.0"
  resolved "https://npm.pkg.github.com/download/@rbilabs/common/8.1.0/4804d51aaebb11387389daf2fb90db6366d326d9ba09bfaeda6b73bc39f1c068#cdcdc56ad755fe5bf298fd23bde9cde510c4403f"
  integrity sha512-Ie6da3yLmqfwRaBba6amW/BqbdpHj2bDlQBofglDBDKsv6KBvovgX+BLrlm1fbHvDDlPM9tbx0I0YRBRx2e7VQ==
  dependencies:
    decimal.js "^10.1.1"
    fp-ts "^1.19.2"
    http-status-codes "^1.4.0"
    io-ts "^1.8.5"
    io-ts-reporters "^0.0.21"
    lodash "^4.17.15"
    numeral "^2.0.6"

decimal.js@^10.1.1:
  version "10.2.0"
  resolved "https://registry.yarnpkg.com/decimal.js/-/decimal.js-10.2.0.tgz#39466113a9e036111d02f82489b5fd6b0b5ed231"
  integrity sha512-vDPw+rDgn3bZe1+F/pyEwb1oMG2XTlRVgAa6B4KccTEpYgF8w6eQllVbQcfIJnZyvzFtFpxnpGtx8dd7DJp/Rw==

fp-ts@^1.0.0, fp-ts@^1.0.1, fp-ts@^1.19.2:
  version "1.19.5"
  resolved "https://registry.yarnpkg.com/fp-ts/-/fp-ts-1.19.5.tgz#3da865e585dfa1fdfd51785417357ac50afc520a"
  integrity sha512-wDNqTimnzs8QqpldiId9OavWK2NptormjXnRJTQecNjzwfyp6P/8s/zG8e4h3ja3oqkKaY72UlTjQYt/1yXf9A==

http-status-codes@^1.4.0:
  version "1.4.0"
  resolved "https://registry.yarnpkg.com/http-status-codes/-/http-status-codes-1.4.0.tgz#6e4c15d16ff3a9e2df03b89f3a55e1aae05fb477"
  integrity sha512-JrT3ua+WgH8zBD3HEJYbeEgnuQaAnUeRRko/YojPAJjGmIfGD3KPU/asLdsLwKjfxOmQe5nXMQ0pt/7MyapVbQ==

io-ts-reporters@^0.0.21:
  version "0.0.21"
  resolved "https://registry.yarnpkg.com/io-ts-reporters/-/io-ts-reporters-0.0.21.tgz#b0be3eec37a3d7da77aeafa257c68bd2afbbc4af"
  integrity sha512-HRAYn4IVkRbnL9Uy9WDB/1+0lorRZvE239LMdc0ditN8OhsPg+0vKnqchkGhZ/vyTzLC5CZLO4AZ4xreirkIkA==
  dependencies:
    fp-ts "^1.0.1"
    io-ts "^1.0.2"

io-ts@^1.0.2, io-ts@^1.8.5:
  version "1.10.4"
  resolved "https://registry.yarnpkg.com/io-ts/-/io-ts-1.10.4.tgz#cd5401b138de88e4f920adbcb7026e2d1967e6e2"
  integrity sha512-b23PteSnYXSONJ6JQXRAlvJhuw8KOtkqa87W4wDtvMrud/DTJd5X+NpOOI+O/zZwVq6v0VLAaJ+1EDViKEuN9g==
  dependencies:
    fp-ts "^1.0.0"

lodash@^4.17.15:
  version "4.17.21"
  resolved "https://registry.yarnpkg.com/lodash/-/lodash-4.17.21.tgz#679591c564c3bffaae8454cf0b3df370c3d6911c"
  integrity sha512-v2kDEe57lecTulaDIuNTPy3Ry4gLGJ6Z1O3vE1krgXZNrsQ+LFTGHVxVjcXPs17LhbZVGedAJv8XZ1tvj5FvSg==

numeral@^2.0.6:
  version "2.0.6"
  resolved "https://registry.yarnpkg.com/numeral/-/numeral-2.0.6.tgz#4ad080936d443c2561aed9f2197efffe25f4e506"
  integrity sha1-StCAk21EPCVhrtnyGX7//iX05QY=
